// !$*UTF8*$!
{
	archiveVersion = 1;
	classes = {
	};
	objectVersion = 45;
	objects = {

/* Begin PBXBuildFile section */
		1D60589B0D05DD56006BFB54 /* main.m in Sources */ = {isa = PBXBuildFile; fileRef = 29B97316FDCFA39411CA2CEA /* main.m */; };
		1D60589F0D05DD5A006BFB54 /* Foundation.framework in Frameworks */ = {isa = PBXBuildFile; fileRef = 1D30AB110D05D00D00671497 /* Foundation.framework */; };
		1DF5F4E00D08C38300B7A737 /* UIKit.framework in Frameworks */ = {isa = PBXBuildFile; fileRef = 1DF5F4DF0D08C38300B7A737 /* UIKit.framework */; };
		288765A50DF7441C002DB57D /* CoreGraphics.framework in Frameworks */ = {isa = PBXBuildFile; fileRef = 288765A40DF7441C002DB57D /* CoreGraphics.framework */; };
		3A5FBACC0FF8ADEC0060478C /* BluewokiAppDelegate.m in Sources */ = {isa = PBXBuildFile; fileRef = 3A5FBACB0FF8ADEC0060478C /* BluewokiAppDelegate.m */; };
		3A5FBAE80FF8AFF90060478C /* Entitlements.plist in Resources */ = {isa = PBXBuildFile; fileRef = 3A5FBAE70FF8AFF90060478C /* Entitlements.plist */; };
		3A5FBAEC0FF8B03B0060478C /* AudioToolbox.framework in Frameworks */ = {isa = PBXBuildFile; fileRef = 3A5FBAEB0FF8B03B0060478C /* AudioToolbox.framework */; };
		3A5FBAEE0FF8B0400060478C /* AVFoundation.framework in Frameworks */ = {isa = PBXBuildFile; fileRef = 3A5FBAED0FF8B0400060478C /* AVFoundation.framework */; };
		3A5FBAF00FF8B0480060478C /* GameKit.framework in Frameworks */ = {isa = PBXBuildFile; fileRef = 3A5FBAEF0FF8B0480060478C /* GameKit.framework */; };
		3A5FBAF80FF8B0D50060478C /* Default.png in Resources */ = {isa = PBXBuildFile; fileRef = 3A5FBAF60FF8B0D50060478C /* Default.png */; };
		3A5FBAF90FF8B0D50060478C /* Icon.png in Resources */ = {isa = PBXBuildFile; fileRef = 3A5FBAF70FF8B0D50060478C /* Icon.png */; };
		3AF6C9450FF8B7F000312D0A /* MainWindow.xib in Resources */ = {isa = PBXBuildFile; fileRef = 3AF6C9440FF8B7F000312D0A /* MainWindow.xib */; };
		3AF6F7490FF8DEA50083EA15 /* Localizable.strings in Resources */ = {isa = PBXBuildFile; fileRef = 3AF6F7450FF8DEA50083EA15 /* Localizable.strings */; };
/* End PBXBuildFile section */

/* Begin PBXFileReference section */
		1D30AB110D05D00D00671497 /* Foundation.framework */ = {isa = PBXFileReference; lastKnownFileType = wrapper.framework; name = Foundation.framework; path = System/Library/Frameworks/Foundation.framework; sourceTree = SDKROOT; };
		1D6058910D05DD3D006BFB54 /* bluewoki.app */ = {isa = PBXFileReference; explicitFileType = wrapper.application; includeInIndex = 0; path = bluewoki.app; sourceTree = BUILT_PRODUCTS_DIR; };
		1DF5F4DF0D08C38300B7A737 /* UIKit.framework */ = {isa = PBXFileReference; lastKnownFileType = wrapper.framework; name = UIKit.framework; path = System/Library/Frameworks/UIKit.framework; sourceTree = SDKROOT; };
		288765A40DF7441C002DB57D /* CoreGraphics.framework */ = {isa = PBXFileReference; lastKnownFileType = wrapper.framework; name = CoreGraphics.framework; path = System/Library/Frameworks/CoreGraphics.framework; sourceTree = SDKROOT; };
		29B97316FDCFA39411CA2CEA /* main.m */ = {isa = PBXFileReference; fileEncoding = 4; lastKnownFileType = sourcecode.c.objc; path = main.m; sourceTree = "<group>"; };
		32CA4F630368D1EE00C91783 /* bluewoki_Prefix.pch */ = {isa = PBXFileReference; fileEncoding = 4; lastKnownFileType = sourcecode.c.h; path = bluewoki_Prefix.pch; sourceTree = "<group>"; };
		3A5FBACA0FF8ADEC0060478C /* BluewokiAppDelegate.h */ = {isa = PBXFileReference; fileEncoding = 4; lastKnownFileType = sourcecode.c.h; path = BluewokiAppDelegate.h; sourceTree = "<group>"; };
		3A5FBACB0FF8ADEC0060478C /* BluewokiAppDelegate.m */ = {isa = PBXFileReference; fileEncoding = 4; lastKnownFileType = sourcecode.c.objc; path = BluewokiAppDelegate.m; sourceTree = "<group>"; };
		3A5FBAE70FF8AFF90060478C /* Entitlements.plist */ = {isa = PBXFileReference; fileEncoding = 4; lastKnownFileType = text.plist.xml; path = Entitlements.plist; sourceTree = "<group>"; };
		3A5FBAEB0FF8B03B0060478C /* AudioToolbox.framework */ = {isa = PBXFileReference; lastKnownFileType = wrapper.framework; name = AudioToolbox.framework; path = System/Library/Frameworks/AudioToolbox.framework; sourceTree = SDKROOT; };
		3A5FBAED0FF8B0400060478C /* AVFoundation.framework */ = {isa = PBXFileReference; lastKnownFileType = wrapper.framework; name = AVFoundation.framework; path = System/Library/Frameworks/AVFoundation.framework; sourceTree = SDKROOT; };
		3A5FBAEF0FF8B0480060478C /* GameKit.framework */ = {isa = PBXFileReference; lastKnownFileType = wrapper.framework; name = GameKit.framework; path = System/Library/Frameworks/GameKit.framework; sourceTree = SDKROOT; };
		3A5FBAF60FF8B0D50060478C /* Default.png */ = {isa = PBXFileReference; lastKnownFileType = image.png; path = Default.png; sourceTree = "<group>"; };
		3A5FBAF70FF8B0D50060478C /* Icon.png */ = {isa = PBXFileReference; lastKnownFileType = image.png; path = Icon.png; sourceTree = "<group>"; };
		3AF6C9440FF8B7F000312D0A /* MainWindow.xib */ = {isa = PBXFileReference; lastKnownFileType = file.xib; path = MainWindow.xib; sourceTree = "<group>"; };
		3AF6F7460FF8DEA50083EA15 /* en */ = {isa = PBXFileReference; fileEncoding = 10; lastKnownFileType = text.plist.strings; name = en; path = en.lproj/Localizable.strings; sourceTree = "<group>"; };
		3AF6F7470FF8DEA50083EA15 /* es */ = {isa = PBXFileReference; fileEncoding = 10; lastKnownFileType = text.plist.strings; name = es; path = es.lproj/Localizable.strings; sourceTree = "<group>"; };
		3AF6F7480FF8DEA50083EA15 /* fr */ = {isa = PBXFileReference; fileEncoding = 10; lastKnownFileType = text.plist.strings; name = fr; path = fr.lproj/Localizable.strings; sourceTree = "<group>"; };
		8D1107310486CEB800E47090 /* bluewoki-Info.plist */ = {isa = PBXFileReference; fileEncoding = 4; lastKnownFileType = text.plist.xml; name = "bluewoki-Info.plist"; path = "../bluewoki-Info.plist"; plistStructureDefinitionIdentifier = "com.apple.xcode.plist.structure-definition.iphone.info-plist"; sourceTree = "<group>"; };
/* End PBXFileReference section */

/* Begin PBXFrameworksBuildPhase section */
		1D60588F0D05DD3D006BFB54 /* Frameworks */ = {
			isa = PBXFrameworksBuildPhase;
			buildActionMask = 2147483647;
			files = (
				1D60589F0D05DD5A006BFB54 /* Foundation.framework in Frameworks */,
				1DF5F4E00D08C38300B7A737 /* UIKit.framework in Frameworks */,
				288765A50DF7441C002DB57D /* CoreGraphics.framework in Frameworks */,
				3A5FBAEC0FF8B03B0060478C /* AudioToolbox.framework in Frameworks */,
				3A5FBAEE0FF8B0400060478C /* AVFoundation.framework in Frameworks */,
				3A5FBAF00FF8B0480060478C /* GameKit.framework in Frameworks */,
			);
			runOnlyForDeploymentPostprocessing = 0;
		};
/* End PBXFrameworksBuildPhase section */

/* Begin PBXGroup section */
		19C28FACFE9D520D11CA2CBB /* Products */ = {
			isa = PBXGroup;
			children = (
				1D6058910D05DD3D006BFB54 /* bluewoki.app */,
			);
			name = Products;
			sourceTree = "<group>";
		};
		29B97314FDCFA39411CA2CEA /* CustomTemplate */ = {
			isa = PBXGroup;
			children = (
				3A5FBAC90FF8ADEC0060478C /* Classes */,
				3A22AD4C0FF8ACC100E867BE /* Resources */,
				29B97315FDCFA39411CA2CEA /* Other Sources */,
				29B97323FDCFA39411CA2CEA /* Frameworks */,
				19C28FACFE9D520D11CA2CBB /* Products */,
			);
			name = CustomTemplate;
			sourceTree = "<group>";
		};
		29B97315FDCFA39411CA2CEA /* Other Sources */ = {
			isa = PBXGroup;
			children = (
				32CA4F630368D1EE00C91783 /* bluewoki_Prefix.pch */,
				29B97316FDCFA39411CA2CEA /* main.m */,
			);
			name = "Other Sources";
			sourceTree = "<group>";
		};
		29B97323FDCFA39411CA2CEA /* Frameworks */ = {
			isa = PBXGroup;
			children = (
				3A5FBAEB0FF8B03B0060478C /* AudioToolbox.framework */,
				3A5FBAED0FF8B0400060478C /* AVFoundation.framework */,
				3A5FBAEF0FF8B0480060478C /* GameKit.framework */,
				1DF5F4DF0D08C38300B7A737 /* UIKit.framework */,
				1D30AB110D05D00D00671497 /* Foundation.framework */,
				288765A40DF7441C002DB57D /* CoreGraphics.framework */,
			);
			name = Frameworks;
			sourceTree = "<group>";
		};
		3A22AD4C0FF8ACC100E867BE /* Resources */ = {
			isa = PBXGroup;
			children = (
				3AF6F7440FF8DEA50083EA15 /* Strings */,
				3AF6C9430FF8B7F000312D0A /* NIBs */,
				3A5FBAF50FF8B0D50060478C /* Images */,
				8D1107310486CEB800E47090 /* bluewoki-Info.plist */,
				3A5FBAE70FF8AFF90060478C /* Entitlements.plist */,
			);
			path = Resources;
			sourceTree = "<group>";
		};
		3A5FBAC90FF8ADEC0060478C /* Classes */ = {
			isa = PBXGroup;
			children = (
				3A5FBACA0FF8ADEC0060478C /* BluewokiAppDelegate.h */,
				3A5FBACB0FF8ADEC0060478C /* BluewokiAppDelegate.m */,
			);
			path = Classes;
			sourceTree = "<group>";
		};
		3A5FBAF50FF8B0D50060478C /* Images */ = {
			isa = PBXGroup;
			children = (
				3A5FBAF60FF8B0D50060478C /* Default.png */,
				3A5FBAF70FF8B0D50060478C /* Icon.png */,
			);
			path = Images;
			sourceTree = "<group>";
		};
		3AF6C9430FF8B7F000312D0A /* NIBs */ = {
			isa = PBXGroup;
			children = (
				3AF6C9440FF8B7F000312D0A /* MainWindow.xib */,
			);
			path = NIBs;
			sourceTree = "<group>";
		};
		3AF6F7440FF8DEA50083EA15 /* Strings */ = {
			isa = PBXGroup;
			children = (
				3AF6F7450FF8DEA50083EA15 /* Localizable.strings */,
			);
			path = Strings;
			sourceTree = "<group>";
		};
/* End PBXGroup section */

/* Begin PBXNativeTarget section */
		1D6058900D05DD3D006BFB54 /* bluewoki */ = {
			isa = PBXNativeTarget;
			buildConfigurationList = 1D6058960D05DD3E006BFB54 /* Build configuration list for PBXNativeTarget "bluewoki" */;
			buildPhases = (
				1D60588D0D05DD3D006BFB54 /* Resources */,
				1D60588E0D05DD3D006BFB54 /* Sources */,
				1D60588F0D05DD3D006BFB54 /* Frameworks */,
			);
			buildRules = (
			);
			dependencies = (
			);
			name = bluewoki;
			productName = bluewoki;
			productReference = 1D6058910D05DD3D006BFB54 /* bluewoki.app */;
			productType = "com.apple.product-type.application";
		};
/* End PBXNativeTarget section */

/* Begin PBXProject section */
		29B97313FDCFA39411CA2CEA /* Project object */ = {
			isa = PBXProject;
			buildConfigurationList = C01FCF4E08A954540054247B /* Build configuration list for PBXProject "bluewoki" */;
			compatibilityVersion = "Xcode 3.1";
			developmentRegion = English;
			hasScannedForEncodings = 1;
			knownRegions = (
				English,
				Japanese,
				French,
				German,
				fr,
				Spanish,
				en,
				es,
			);
			mainGroup = 29B97314FDCFA39411CA2CEA /* CustomTemplate */;
			projectDirPath = "";
			projectRoot = "";
			targets = (
				1D6058900D05DD3D006BFB54 /* bluewoki */,
			);
		};
/* End PBXProject section */

/* Begin PBXResourcesBuildPhase section */
		1D60588D0D05DD3D006BFB54 /* Resources */ = {
			isa = PBXResourcesBuildPhase;
			buildActionMask = 2147483647;
			files = (
				3A5FBAE80FF8AFF90060478C /* Entitlements.plist in Resources */,
				3A5FBAF80FF8B0D50060478C /* Default.png in Resources */,
				3A5FBAF90FF8B0D50060478C /* Icon.png in Resources */,
				3AF6C9450FF8B7F000312D0A /* MainWindow.xib in Resources */,
				3AF6F7490FF8DEA50083EA15 /* Localizable.strings in Resources */,
			);
			runOnlyForDeploymentPostprocessing = 0;
		};
/* End PBXResourcesBuildPhase section */

/* Begin PBXSourcesBuildPhase section */
		1D60588E0D05DD3D006BFB54 /* Sources */ = {
			isa = PBXSourcesBuildPhase;
			buildActionMask = 2147483647;
			files = (
				1D60589B0D05DD56006BFB54 /* main.m in Sources */,
				3A5FBACC0FF8ADEC0060478C /* BluewokiAppDelegate.m in Sources */,
			);
			runOnlyForDeploymentPostprocessing = 0;
		};
/* End PBXSourcesBuildPhase section */

/* Begin PBXVariantGroup section */
		3AF6F7450FF8DEA50083EA15 /* Localizable.strings */ = {
			isa = PBXVariantGroup;
			children = (
				3AF6F7460FF8DEA50083EA15 /* en */,
				3AF6F7470FF8DEA50083EA15 /* es */,
				3AF6F7480FF8DEA50083EA15 /* fr */,
			);
			name = Localizable.strings;
			sourceTree = "<group>";
		};
/* End PBXVariantGroup section */

/* Begin XCBuildConfiguration section */
		1D6058940D05DD3E006BFB54 /* Debug */ = {
			isa = XCBuildConfiguration;
			buildSettings = {
				ALWAYS_SEARCH_USER_PATHS = NO;
				COPY_PHASE_STRIP = NO;
				GCC_DYNAMIC_NO_PIC = NO;
				GCC_OPTIMIZATION_LEVEL = 0;
				GCC_PRECOMPILE_PREFIX_HEADER = YES;
				GCC_PREFIX_HEADER = bluewoki_Prefix.pch;
				INFOPLIST_FILE = "bluewoki-Info.plist";
				PRODUCT_NAME = bluewoki;
			};
			name = Debug;
		};
		1D6058950D05DD3E006BFB54 /* Release */ = {
			isa = XCBuildConfiguration;
			buildSettings = {
				ALWAYS_SEARCH_USER_PATHS = NO;
				COPY_PHASE_STRIP = YES;
				GCC_PRECOMPILE_PREFIX_HEADER = YES;
				GCC_PREFIX_HEADER = bluewoki_Prefix.pch;
				INFOPLIST_FILE = "bluewoki-Info.plist";
				PRODUCT_NAME = bluewoki;
			};
			name = Release;
		};
		C01FCF4F08A954540054247B /* Debug */ = {
			isa = XCBuildConfiguration;
			buildSettings = {
				ARCHS = "$(ARCHS_STANDARD_32_BIT)";
				"CODE_SIGN_IDENTITY[sdk=iphoneos*]" = "iPhone Developer";
				GCC_C_LANGUAGE_STANDARD = c99;
				GCC_WARN_ABOUT_RETURN_TYPE = YES;
				GCC_WARN_UNUSED_VARIABLE = YES;
				PREBINDING = NO;
				SDKROOT = iphoneos;
			};
			name = Debug;
		};
		C01FCF5008A954540054247B /* Release */ = {
			isa = XCBuildConfiguration;
			buildSettings = {
				ARCHS = "$(ARCHS_STANDARD_32_BIT)";
				"CODE_SIGN_IDENTITY[sdk=iphoneos*]" = "iPhone Developer";
				GCC_C_LANGUAGE_STANDARD = c99;
				GCC_WARN_ABOUT_RETURN_TYPE = YES;
				GCC_WARN_UNUSED_VARIABLE = YES;
				PREBINDING = NO;
				SDKROOT = iphoneos;
			};
			name = Release;
		};
/* End XCBuildConfiguration section */

/* Begin XCConfigurationList section */
		1D6058960D05DD3E006BFB54 /* Build configuration list for PBXNativeTarget "bluewoki" */ = {
			isa = XCConfigurationList;
			buildConfigurations = (
				1D6058940D05DD3E006BFB54 /* Debug */,
				1D6058950D05DD3E006BFB54 /* Release */,
			);
			defaultConfigurationIsVisible = 0;
			defaultConfigurationName = Release;
		};
		C01FCF4E08A954540054247B /* Build configuration list for PBXProject "bluewoki" */ = {
			isa = XCConfigurationList;
			buildConfigurations = (
				C01FCF4F08A954540054247B /* Debug */,
				C01FCF5008A954540054247B /* Release */,
			);
			defaultConfigurationIsVisible = 0;
			defaultConfigurationName = Release;
		};
/* End XCConfigurationList section */
	};
	rootObject = 29B97313FDCFA39411CA2CEA /* Project object */;
}
