// !$*UTF8*$!
{
	archiveVersion = 1;
	classes = {
	};
	objectVersion = 46;
	objects = {

/* Begin PBXBuildFile section */
		1D60589B0D05DD56006BFB54 /* main.m in Sources */ = {isa = PBXBuildFile; fileRef = 29B97316FDCFA39411CA2CEA /* main.m */; };
		1D60589F0D05DD5A006BFB54 /* Foundation.framework in Frameworks */ = {isa = PBXBuildFile; fileRef = 1D30AB110D05D00D00671497 /* Foundation.framework */; };
		1DF5F4E00D08C38300B7A737 /* UIKit.framework in Frameworks */ = {isa = PBXBuildFile; fileRef = 1DF5F4DF0D08C38300B7A737 /* UIKit.framework */; };
		288765A50DF7441C002DB57D /* CoreGraphics.framework in Frameworks */ = {isa = PBXBuildFile; fileRef = 288765A40DF7441C002DB57D /* CoreGraphics.framework */; };
		3A57D1051420939E002E5F5D /* BWBluetoothConnection.m in Sources */ = {isa = PBXBuildFile; fileRef = 3A57D1041420939E002E5F5D /* BWBluetoothConnection.m */; };
		3A57D109142098BC002E5F5D /* BWConnection.m in Sources */ = {isa = PBXBuildFile; fileRef = 3A57D108142098BC002E5F5D /* BWConnection.m */; };
		3A57D10C1420A06E002E5F5D /* BWWifiConnection.m in Sources */ = {isa = PBXBuildFile; fileRef = 3A57D10B1420A06E002E5F5D /* BWWifiConnection.m */; };
		3A5C41D313881C0A008FB231 /* BWRootController.xib in Resources */ = {isa = PBXBuildFile; fileRef = 3A5C41D213881C0A008FB231 /* BWRootController.xib */; };
		3A5FBAEC0FF8B03B0060478C /* AudioToolbox.framework in Frameworks */ = {isa = PBXBuildFile; fileRef = 3A5FBAEB0FF8B03B0060478C /* AudioToolbox.framework */; };
		3A5FBAEE0FF8B0400060478C /* AVFoundation.framework in Frameworks */ = {isa = PBXBuildFile; fileRef = 3A5FBAED0FF8B0400060478C /* AVFoundation.framework */; };
		3A5FBAF00FF8B0480060478C /* GameKit.framework in Frameworks */ = {isa = PBXBuildFile; fileRef = 3A5FBAEF0FF8B0480060478C /* GameKit.framework */; };
		3A5FBAF80FF8B0D50060478C /* Default.png in Resources */ = {isa = PBXBuildFile; fileRef = 3A5FBAF60FF8B0D50060478C /* Default.png */; };
		3A5FBAF90FF8B0D50060478C /* Icon.png in Resources */ = {isa = PBXBuildFile; fileRef = 3A5FBAF70FF8B0D50060478C /* Icon.png */; };
		3A61C07314208C3100FEA33D /* Entitlements.entitlements in Resources */ = {isa = PBXBuildFile; fileRef = 3A61C07214208C3100FEA33D /* Entitlements.entitlements */; };
		3A891AA513881F8000804131 /* BWAppDelegate.m in Sources */ = {isa = PBXBuildFile; fileRef = 3A891A9B13881F8000804131 /* BWAppDelegate.m */; };
		3A891AA613881F8000804131 /* BWRootController.m in Sources */ = {isa = PBXBuildFile; fileRef = 3A891A9E13881F8000804131 /* BWRootController.m */; };
		3A891AA713881F8000804131 /* BWMessageObject.m in Sources */ = {isa = PBXBuildFile; fileRef = 3A891AA113881F8000804131 /* BWMessageObject.m */; };
		3A891AA813881F8000804131 /* BWMessageBroker.m in Sources */ = {isa = PBXBuildFile; fileRef = 3A891AA313881F8000804131 /* BWMessageBroker.m */; };
		3A891AAD13881FAE00804131 /* AsyncSocket.m in Sources */ = {isa = PBXBuildFile; fileRef = 3A891AAC13881FAE00804131 /* AsyncSocket.m */; };
		3A891AAF13881FDD00804131 /* CFNetwork.framework in Frameworks */ = {isa = PBXBuildFile; fileRef = 3A891AAE13881FDD00804131 /* CFNetwork.framework */; };
		3A891AB21388224000804131 /* BWPeerProxy.m in Sources */ = {isa = PBXBuildFile; fileRef = 3A891AB11388224000804131 /* BWPeerProxy.m */; };
		3A891ABD138823D000804131 /* BWProtocol.m in Sources */ = {isa = PBXBuildFile; fileRef = 3A891ABC138823D000804131 /* BWProtocol.m */; };
		3A891AC21388280000804131 /* BWPeerService.m in Sources */ = {isa = PBXBuildFile; fileRef = 3A891AC11388280000804131 /* BWPeerService.m */; };
		3A891AC513882A2700804131 /* BWPeerBrowser.m in Sources */ = {isa = PBXBuildFile; fileRef = 3A891AC413882A2700804131 /* BWPeerBrowser.m */; };
		3A891AC81388316F00804131 /* BWBrowserController.m in Sources */ = {isa = PBXBuildFile; fileRef = 3A891AC71388316F00804131 /* BWBrowserController.m */; };
		3AD05E44142083FF00D4971C /* Default@2x.png in Resources */ = {isa = PBXBuildFile; fileRef = 3AD05E43142083FF00D4971C /* Default@2x.png */; };
		3AD05E4B1420869700D4971C /* Icon-72.png in Resources */ = {isa = PBXBuildFile; fileRef = 3AD05E451420869700D4971C /* Icon-72.png */; };
		3AD05E4C1420869700D4971C /* Icon-Small-50.png in Resources */ = {isa = PBXBuildFile; fileRef = 3AD05E461420869700D4971C /* Icon-Small-50.png */; };
		3AD05E4D1420869700D4971C /* Icon-Small.png in Resources */ = {isa = PBXBuildFile; fileRef = 3AD05E471420869700D4971C /* Icon-Small.png */; };
		3AD05E4E1420869700D4971C /* Icon-Small@2x.png in Resources */ = {isa = PBXBuildFile; fileRef = 3AD05E481420869700D4971C /* Icon-Small@2x.png */; };
		3AD05E4F1420869700D4971C /* Icon@2x.png in Resources */ = {isa = PBXBuildFile; fileRef = 3AD05E491420869700D4971C /* Icon@2x.png */; };
		3AD05E501420869700D4971C /* iTunesArtwork in Resources */ = {isa = PBXBuildFile; fileRef = 3AD05E4A1420869700D4971C /* iTunesArtwork */; };
		3AF6C9450FF8B7F000312D0A /* MainWindow.xib in Resources */ = {isa = PBXBuildFile; fileRef = 3AF6C9440FF8B7F000312D0A /* MainWindow.xib */; };
		3AF6F7490FF8DEA50083EA15 /* Localizable.strings in Resources */ = {isa = PBXBuildFile; fileRef = 3AF6F7450FF8DEA50083EA15 /* Localizable.strings */; };
/* End PBXBuildFile section */

/* Begin PBXFileReference section */
		1D30AB110D05D00D00671497 /* Foundation.framework */ = {isa = PBXFileReference; lastKnownFileType = wrapper.framework; name = Foundation.framework; path = System/Library/Frameworks/Foundation.framework; sourceTree = SDKROOT; };
		1D6058910D05DD3D006BFB54 /* bluewoki.app */ = {isa = PBXFileReference; explicitFileType = wrapper.application; includeInIndex = 0; path = bluewoki.app; sourceTree = BUILT_PRODUCTS_DIR; };
		1DF5F4DF0D08C38300B7A737 /* UIKit.framework */ = {isa = PBXFileReference; lastKnownFileType = wrapper.framework; name = UIKit.framework; path = System/Library/Frameworks/UIKit.framework; sourceTree = SDKROOT; };
		288765A40DF7441C002DB57D /* CoreGraphics.framework */ = {isa = PBXFileReference; lastKnownFileType = wrapper.framework; name = CoreGraphics.framework; path = System/Library/Frameworks/CoreGraphics.framework; sourceTree = SDKROOT; };
		29B97316FDCFA39411CA2CEA /* main.m */ = {isa = PBXFileReference; fileEncoding = 4; lastKnownFileType = sourcecode.c.objc; path = main.m; sourceTree = "<group>"; };
		32CA4F630368D1EE00C91783 /* bluewoki_Prefix.pch */ = {isa = PBXFileReference; fileEncoding = 4; lastKnownFileType = sourcecode.c.h; path = bluewoki_Prefix.pch; sourceTree = "<group>"; };
		3A57D1031420939E002E5F5D /* BWBluetoothConnection.h */ = {isa = PBXFileReference; fileEncoding = 4; lastKnownFileType = sourcecode.c.h; path = BWBluetoothConnection.h; sourceTree = "<group>"; };
		3A57D1041420939E002E5F5D /* BWBluetoothConnection.m */ = {isa = PBXFileReference; fileEncoding = 4; lastKnownFileType = sourcecode.c.objc; path = BWBluetoothConnection.m; sourceTree = "<group>"; };
		3A57D10614209438002E5F5D /* BWConnectionDelegate.h */ = {isa = PBXFileReference; fileEncoding = 4; lastKnownFileType = sourcecode.c.h; path = BWConnectionDelegate.h; sourceTree = "<group>"; };
		3A57D107142098BC002E5F5D /* BWConnection.h */ = {isa = PBXFileReference; fileEncoding = 4; lastKnownFileType = sourcecode.c.h; path = BWConnection.h; sourceTree = "<group>"; };
		3A57D108142098BC002E5F5D /* BWConnection.m */ = {isa = PBXFileReference; fileEncoding = 4; lastKnownFileType = sourcecode.c.objc; path = BWConnection.m; sourceTree = "<group>"; };
		3A57D10A1420A06E002E5F5D /* BWWifiConnection.h */ = {isa = PBXFileReference; fileEncoding = 4; lastKnownFileType = sourcecode.c.h; path = BWWifiConnection.h; sourceTree = "<group>"; };
		3A57D10B1420A06E002E5F5D /* BWWifiConnection.m */ = {isa = PBXFileReference; fileEncoding = 4; lastKnownFileType = sourcecode.c.objc; path = BWWifiConnection.m; sourceTree = "<group>"; };
		3A5C41D213881C0A008FB231 /* BWRootController.xib */ = {isa = PBXFileReference; fileEncoding = 4; lastKnownFileType = file.xib; path = BWRootController.xib; sourceTree = "<group>"; };
		3A5FBAEB0FF8B03B0060478C /* AudioToolbox.framework */ = {isa = PBXFileReference; lastKnownFileType = wrapper.framework; name = AudioToolbox.framework; path = System/Library/Frameworks/AudioToolbox.framework; sourceTree = SDKROOT; };
		3A5FBAED0FF8B0400060478C /* AVFoundation.framework */ = {isa = PBXFileReference; lastKnownFileType = wrapper.framework; name = AVFoundation.framework; path = System/Library/Frameworks/AVFoundation.framework; sourceTree = SDKROOT; };
		3A5FBAEF0FF8B0480060478C /* GameKit.framework */ = {isa = PBXFileReference; lastKnownFileType = wrapper.framework; name = GameKit.framework; path = System/Library/Frameworks/GameKit.framework; sourceTree = SDKROOT; };
		3A5FBAF60FF8B0D50060478C /* Default.png */ = {isa = PBXFileReference; lastKnownFileType = image.png; path = Default.png; sourceTree = "<group>"; };
		3A5FBAF70FF8B0D50060478C /* Icon.png */ = {isa = PBXFileReference; lastKnownFileType = image.png; path = Icon.png; sourceTree = "<group>"; };
		3A61C07214208C3100FEA33D /* Entitlements.entitlements */ = {isa = PBXFileReference; fileEncoding = 4; lastKnownFileType = text.xml; path = Entitlements.entitlements; sourceTree = "<group>"; };
		3A7C55F813883E7600D29272 /* BWBrowserControllerDelegate.h */ = {isa = PBXFileReference; fileEncoding = 4; lastKnownFileType = sourcecode.c.h; path = BWBrowserControllerDelegate.h; sourceTree = "<group>"; };
		3A7C56011388561200D29272 /* BWPeerServiceDelegate.h */ = {isa = PBXFileReference; fileEncoding = 4; lastKnownFileType = sourcecode.c.h; path = BWPeerServiceDelegate.h; sourceTree = "<group>"; };
		3A891A9A13881F8000804131 /* BWAppDelegate.h */ = {isa = PBXFileReference; fileEncoding = 4; lastKnownFileType = sourcecode.c.h; path = BWAppDelegate.h; sourceTree = "<group>"; };
		3A891A9B13881F8000804131 /* BWAppDelegate.m */ = {isa = PBXFileReference; fileEncoding = 4; lastKnownFileType = sourcecode.c.objc; path = BWAppDelegate.m; sourceTree = "<group>"; };
		3A891A9D13881F8000804131 /* BWRootController.h */ = {isa = PBXFileReference; fileEncoding = 4; lastKnownFileType = sourcecode.c.h; path = BWRootController.h; sourceTree = "<group>"; };
		3A891A9E13881F8000804131 /* BWRootController.m */ = {isa = PBXFileReference; fileEncoding = 4; lastKnownFileType = sourcecode.c.objc; path = BWRootController.m; sourceTree = "<group>"; };
		3A891AA013881F8000804131 /* BWMessageObject.h */ = {isa = PBXFileReference; fileEncoding = 4; lastKnownFileType = sourcecode.c.h; path = BWMessageObject.h; sourceTree = "<group>"; };
		3A891AA113881F8000804131 /* BWMessageObject.m */ = {isa = PBXFileReference; fileEncoding = 4; lastKnownFileType = sourcecode.c.objc; path = BWMessageObject.m; sourceTree = "<group>"; };
		3A891AA213881F8000804131 /* BWMessageBroker.h */ = {isa = PBXFileReference; fileEncoding = 4; lastKnownFileType = sourcecode.c.h; path = BWMessageBroker.h; sourceTree = "<group>"; };
		3A891AA313881F8000804131 /* BWMessageBroker.m */ = {isa = PBXFileReference; fileEncoding = 4; lastKnownFileType = sourcecode.c.objc; path = BWMessageBroker.m; sourceTree = "<group>"; };
		3A891AA413881F8000804131 /* BWMessageBrokerDelegate.h */ = {isa = PBXFileReference; fileEncoding = 4; lastKnownFileType = sourcecode.c.h; path = BWMessageBrokerDelegate.h; sourceTree = "<group>"; };
		3A891AAB13881FAE00804131 /* AsyncSocket.h */ = {isa = PBXFileReference; fileEncoding = 4; lastKnownFileType = sourcecode.c.h; path = AsyncSocket.h; sourceTree = "<group>"; };
		3A891AAC13881FAE00804131 /* AsyncSocket.m */ = {isa = PBXFileReference; fileEncoding = 4; lastKnownFileType = sourcecode.c.objc; path = AsyncSocket.m; sourceTree = "<group>"; };
		3A891AAE13881FDD00804131 /* CFNetwork.framework */ = {isa = PBXFileReference; lastKnownFileType = wrapper.framework; name = CFNetwork.framework; path = System/Library/Frameworks/CFNetwork.framework; sourceTree = SDKROOT; };
		3A891AB01388224000804131 /* BWPeerProxy.h */ = {isa = PBXFileReference; fileEncoding = 4; lastKnownFileType = sourcecode.c.h; path = BWPeerProxy.h; sourceTree = "<group>"; };
		3A891AB11388224000804131 /* BWPeerProxy.m */ = {isa = PBXFileReference; fileEncoding = 4; lastKnownFileType = sourcecode.c.objc; path = BWPeerProxy.m; sourceTree = "<group>"; };
		3A891ABB138823CF00804131 /* BWProtocol.h */ = {isa = PBXFileReference; fileEncoding = 4; lastKnownFileType = sourcecode.c.h; path = BWProtocol.h; sourceTree = "<group>"; };
		3A891ABC138823D000804131 /* BWProtocol.m */ = {isa = PBXFileReference; fileEncoding = 4; lastKnownFileType = sourcecode.c.objc; path = BWProtocol.m; sourceTree = "<group>"; };
		3A891ABF138825D900804131 /* BWPeerProxyDelegate.h */ = {isa = PBXFileReference; fileEncoding = 4; lastKnownFileType = sourcecode.c.h; path = BWPeerProxyDelegate.h; sourceTree = "<group>"; };
		3A891AC0138827FF00804131 /* BWPeerService.h */ = {isa = PBXFileReference; fileEncoding = 4; lastKnownFileType = sourcecode.c.h; path = BWPeerService.h; sourceTree = "<group>"; };
		3A891AC11388280000804131 /* BWPeerService.m */ = {isa = PBXFileReference; fileEncoding = 4; lastKnownFileType = sourcecode.c.objc; path = BWPeerService.m; sourceTree = "<group>"; };
		3A891AC313882A2700804131 /* BWPeerBrowser.h */ = {isa = PBXFileReference; fileEncoding = 4; lastKnownFileType = sourcecode.c.h; path = BWPeerBrowser.h; sourceTree = "<group>"; };
		3A891AC413882A2700804131 /* BWPeerBrowser.m */ = {isa = PBXFileReference; fileEncoding = 4; lastKnownFileType = sourcecode.c.objc; path = BWPeerBrowser.m; sourceTree = "<group>"; };
		3A891AC61388316F00804131 /* BWBrowserController.h */ = {isa = PBXFileReference; fileEncoding = 4; lastKnownFileType = sourcecode.c.h; path = BWBrowserController.h; sourceTree = "<group>"; };
		3A891AC71388316F00804131 /* BWBrowserController.m */ = {isa = PBXFileReference; fileEncoding = 4; lastKnownFileType = sourcecode.c.objc; path = BWBrowserController.m; sourceTree = "<group>"; };
		3AD05E43142083FF00D4971C /* Default@2x.png */ = {isa = PBXFileReference; lastKnownFileType = image.png; path = "Default@2x.png"; sourceTree = "<group>"; };
		3AD05E451420869700D4971C /* Icon-72.png */ = {isa = PBXFileReference; lastKnownFileType = image.png; path = "Icon-72.png"; sourceTree = "<group>"; };
		3AD05E461420869700D4971C /* Icon-Small-50.png */ = {isa = PBXFileReference; lastKnownFileType = image.png; path = "Icon-Small-50.png"; sourceTree = "<group>"; };
		3AD05E471420869700D4971C /* Icon-Small.png */ = {isa = PBXFileReference; lastKnownFileType = image.png; path = "Icon-Small.png"; sourceTree = "<group>"; };
		3AD05E481420869700D4971C /* Icon-Small@2x.png */ = {isa = PBXFileReference; lastKnownFileType = image.png; path = "Icon-Small@2x.png"; sourceTree = "<group>"; };
		3AD05E491420869700D4971C /* Icon@2x.png */ = {isa = PBXFileReference; lastKnownFileType = image.png; path = "Icon@2x.png"; sourceTree = "<group>"; };
		3AD05E4A1420869700D4971C /* iTunesArtwork */ = {isa = PBXFileReference; lastKnownFileType = file; path = iTunesArtwork; sourceTree = "<group>"; };
		3AF6C9440FF8B7F000312D0A /* MainWindow.xib */ = {isa = PBXFileReference; lastKnownFileType = file.xib; path = MainWindow.xib; sourceTree = "<group>"; };
		3AF6F7460FF8DEA50083EA15 /* en */ = {isa = PBXFileReference; fileEncoding = 10; lastKnownFileType = text.plist.strings; name = en; path = en.lproj/Localizable.strings; sourceTree = "<group>"; };
		3AF6F7470FF8DEA50083EA15 /* es */ = {isa = PBXFileReference; fileEncoding = 10; lastKnownFileType = text.plist.strings; name = es; path = es.lproj/Localizable.strings; sourceTree = "<group>"; };
		3AF6F7480FF8DEA50083EA15 /* fr */ = {isa = PBXFileReference; fileEncoding = 10; lastKnownFileType = text.plist.strings; name = fr; path = fr.lproj/Localizable.strings; sourceTree = "<group>"; };
		8D1107310486CEB800E47090 /* bluewoki-Info.plist */ = {isa = PBXFileReference; fileEncoding = 4; lastKnownFileType = text.plist.xml; name = "bluewoki-Info.plist"; path = "../bluewoki-Info.plist"; plistStructureDefinitionIdentifier = "com.apple.xcode.plist.structure-definition.iphone.info-plist"; sourceTree = "<group>"; };
/* End PBXFileReference section */

/* Begin PBXFrameworksBuildPhase section */
		1D60588F0D05DD3D006BFB54 /* Frameworks */ = {
			isa = PBXFrameworksBuildPhase;
			buildActionMask = 2147483647;
			files = (
				3A891AAF13881FDD00804131 /* CFNetwork.framework in Frameworks */,
				1D60589F0D05DD5A006BFB54 /* Foundation.framework in Frameworks */,
				1DF5F4E00D08C38300B7A737 /* UIKit.framework in Frameworks */,
				288765A50DF7441C002DB57D /* CoreGraphics.framework in Frameworks */,
				3A5FBAEC0FF8B03B0060478C /* AudioToolbox.framework in Frameworks */,
				3A5FBAEE0FF8B0400060478C /* AVFoundation.framework in Frameworks */,
				3A5FBAF00FF8B0480060478C /* GameKit.framework in Frameworks */,
			);
			runOnlyForDeploymentPostprocessing = 0;
		};
/* End PBXFrameworksBuildPhase section */

/* Begin PBXGroup section */
		19C28FACFE9D520D11CA2CBB /* Products */ = {
			isa = PBXGroup;
			children = (
				1D6058910D05DD3D006BFB54 /* bluewoki.app */,
			);
			name = Products;
			sourceTree = "<group>";
		};
		29B97314FDCFA39411CA2CEA /* CustomTemplate */ = {
			isa = PBXGroup;
			children = (
				3A891AA913881FAE00804131 /* Externals */,
				3A891A9813881F8000804131 /* Classes */,
				3A22AD4C0FF8ACC100E867BE /* Resources */,
				29B97315FDCFA39411CA2CEA /* Other Sources */,
				29B97323FDCFA39411CA2CEA /* Frameworks */,
				19C28FACFE9D520D11CA2CBB /* Products */,
			);
			name = CustomTemplate;
			sourceTree = "<group>";
		};
		29B97315FDCFA39411CA2CEA /* Other Sources */ = {
			isa = PBXGroup;
			children = (
				32CA4F630368D1EE00C91783 /* bluewoki_Prefix.pch */,
				29B97316FDCFA39411CA2CEA /* main.m */,
			);
			name = "Other Sources";
			sourceTree = "<group>";
		};
		29B97323FDCFA39411CA2CEA /* Frameworks */ = {
			isa = PBXGroup;
			children = (
				3A891AAE13881FDD00804131 /* CFNetwork.framework */,
				3A5FBAEB0FF8B03B0060478C /* AudioToolbox.framework */,
				3A5FBAED0FF8B0400060478C /* AVFoundation.framework */,
				3A5FBAEF0FF8B0480060478C /* GameKit.framework */,
				1DF5F4DF0D08C38300B7A737 /* UIKit.framework */,
				1D30AB110D05D00D00671497 /* Foundation.framework */,
				288765A40DF7441C002DB57D /* CoreGraphics.framework */,
			);
			name = Frameworks;
			sourceTree = "<group>";
		};
		3A22AD4C0FF8ACC100E867BE /* Resources */ = {
			isa = PBXGroup;
			children = (
				3AF6F7440FF8DEA50083EA15 /* Strings */,
				3AF6C9430FF8B7F000312D0A /* NIBs */,
				3A5FBAF50FF8B0D50060478C /* Images */,
				8D1107310486CEB800E47090 /* bluewoki-Info.plist */,
				3A61C07214208C3100FEA33D /* Entitlements.entitlements */,
			);
			path = Resources;
			sourceTree = "<group>";
		};
		3A5FBAF50FF8B0D50060478C /* Images */ = {
			isa = PBXGroup;
			children = (
				3A5FBAF70FF8B0D50060478C /* Icon.png */,
				3AD05E451420869700D4971C /* Icon-72.png */,
				3AD05E461420869700D4971C /* Icon-Small-50.png */,
				3AD05E471420869700D4971C /* Icon-Small.png */,
				3AD05E481420869700D4971C /* Icon-Small@2x.png */,
				3AD05E491420869700D4971C /* Icon@2x.png */,
				3AD05E4A1420869700D4971C /* iTunesArtwork */,
				3AD05E43142083FF00D4971C /* Default@2x.png */,
				3A5FBAF60FF8B0D50060478C /* Default.png */,
			);
			path = Images;
			sourceTree = "<group>";
		};
		3A891A9813881F8000804131 /* Classes */ = {
			isa = PBXGroup;
			children = (
				3A891A9913881F8000804131 /* AppDelegate */,
				3A891A9C13881F8000804131 /* Controllers */,
				3A891A9F13881F8000804131 /* Helpers */,
			);
			path = Classes;
			sourceTree = "<group>";
		};
		3A891A9913881F8000804131 /* AppDelegate */ = {
			isa = PBXGroup;
			children = (
				3A891A9A13881F8000804131 /* BWAppDelegate.h */,
				3A891A9B13881F8000804131 /* BWAppDelegate.m */,
			);
			path = AppDelegate;
			sourceTree = "<group>";
		};
		3A891A9C13881F8000804131 /* Controllers */ = {
			isa = PBXGroup;
			children = (
				3A891A9D13881F8000804131 /* BWRootController.h */,
				3A891A9E13881F8000804131 /* BWRootController.m */,
				3A891AC61388316F00804131 /* BWBrowserController.h */,
				3A891AC71388316F00804131 /* BWBrowserController.m */,
				3A7C55F813883E7600D29272 /* BWBrowserControllerDelegate.h */,
			);
			path = Controllers;
			sourceTree = "<group>";
		};
		3A891A9F13881F8000804131 /* Helpers */ = {
			isa = PBXGroup;
			children = (
				3A891AA013881F8000804131 /* BWMessageObject.h */,
				3A891AA113881F8000804131 /* BWMessageObject.m */,
				3A891AA213881F8000804131 /* BWMessageBroker.h */,
				3A891AA313881F8000804131 /* BWMessageBroker.m */,
				3A891AA413881F8000804131 /* BWMessageBrokerDelegate.h */,
				3A891AB01388224000804131 /* BWPeerProxy.h */,
				3A891AB11388224000804131 /* BWPeerProxy.m */,
				3A891ABF138825D900804131 /* BWPeerProxyDelegate.h */,
				3A891ABB138823CF00804131 /* BWProtocol.h */,
				3A891ABC138823D000804131 /* BWProtocol.m */,
				3A891AC0138827FF00804131 /* BWPeerService.h */,
				3A891AC11388280000804131 /* BWPeerService.m */,
				3A7C56011388561200D29272 /* BWPeerServiceDelegate.h */,
				3A891AC313882A2700804131 /* BWPeerBrowser.h */,
				3A891AC413882A2700804131 /* BWPeerBrowser.m */,
				3A57D107142098BC002E5F5D /* BWConnection.h */,
				3A57D108142098BC002E5F5D /* BWConnection.m */,
				3A57D10614209438002E5F5D /* BWConnectionDelegate.h */,
				3A57D1031420939E002E5F5D /* BWBluetoothConnection.h */,
				3A57D1041420939E002E5F5D /* BWBluetoothConnection.m */,
				3A57D10A1420A06E002E5F5D /* BWWifiConnection.h */,
				3A57D10B1420A06E002E5F5D /* BWWifiConnection.m */,
			);
			path = Helpers;
			sourceTree = "<group>";
		};
		3A891AA913881FAE00804131 /* Externals */ = {
			isa = PBXGroup;
			children = (
				3A891AAA13881FAE00804131 /* AsyncSocket */,
			);
			path = Externals;
			sourceTree = "<group>";
		};
		3A891AAA13881FAE00804131 /* AsyncSocket */ = {
			isa = PBXGroup;
			children = (
				3A891AAB13881FAE00804131 /* AsyncSocket.h */,
				3A891AAC13881FAE00804131 /* AsyncSocket.m */,
			);
			path = AsyncSocket;
			sourceTree = "<group>";
		};
		3AF6C9430FF8B7F000312D0A /* NIBs */ = {
			isa = PBXGroup;
			children = (
				3AF6C9440FF8B7F000312D0A /* MainWindow.xib */,
				3A5C41D213881C0A008FB231 /* BWRootController.xib */,
			);
			path = NIBs;
			sourceTree = "<group>";
		};
		3AF6F7440FF8DEA50083EA15 /* Strings */ = {
			isa = PBXGroup;
			children = (
				3AF6F7450FF8DEA50083EA15 /* Localizable.strings */,
			);
			path = Strings;
			sourceTree = "<group>";
		};
/* End PBXGroup section */

/* Begin PBXNativeTarget section */
		1D6058900D05DD3D006BFB54 /* bluewoki */ = {
			isa = PBXNativeTarget;
			buildConfigurationList = 1D6058960D05DD3E006BFB54 /* Build configuration list for PBXNativeTarget "bluewoki" */;
			buildPhases = (
				1D60588D0D05DD3D006BFB54 /* Resources */,
				1D60588E0D05DD3D006BFB54 /* Sources */,
				1D60588F0D05DD3D006BFB54 /* Frameworks */,
			);
			buildRules = (
			);
			dependencies = (
			);
			name = bluewoki;
			productName = bluewoki;
			productReference = 1D6058910D05DD3D006BFB54 /* bluewoki.app */;
			productType = "com.apple.product-type.application";
		};
/* End PBXNativeTarget section */

/* Begin PBXProject section */
		29B97313FDCFA39411CA2CEA /* Project object */ = {
			isa = PBXProject;
			attributes = {
				LastUpgradeCheck = 0420;
			};
			buildConfigurationList = C01FCF4E08A954540054247B /* Build configuration list for PBXProject "bluewoki" */;
			compatibilityVersion = "Xcode 3.2";
			developmentRegion = English;
			hasScannedForEncodings = 1;
			knownRegions = (
				English,
				Japanese,
				French,
				German,
				fr,
				Spanish,
				en,
				es,
			);
			mainGroup = 29B97314FDCFA39411CA2CEA /* CustomTemplate */;
			projectDirPath = "";
			projectRoot = "";
			targets = (
				1D6058900D05DD3D006BFB54 /* bluewoki */,
			);
		};
/* End PBXProject section */

/* Begin PBXResourcesBuildPhase section */
		1D60588D0D05DD3D006BFB54 /* Resources */ = {
			isa = PBXResourcesBuildPhase;
			buildActionMask = 2147483647;
			files = (
				3A5FBAF80FF8B0D50060478C /* Default.png in Resources */,
				3A5FBAF90FF8B0D50060478C /* Icon.png in Resources */,
				3AF6C9450FF8B7F000312D0A /* MainWindow.xib in Resources */,
				3AF6F7490FF8DEA50083EA15 /* Localizable.strings in Resources */,
				3A5C41D313881C0A008FB231 /* BWRootController.xib in Resources */,
				3AD05E44142083FF00D4971C /* Default@2x.png in Resources */,
				3AD05E4B1420869700D4971C /* Icon-72.png in Resources */,
				3AD05E4C1420869700D4971C /* Icon-Small-50.png in Resources */,
				3AD05E4D1420869700D4971C /* Icon-Small.png in Resources */,
				3AD05E4E1420869700D4971C /* Icon-Small@2x.png in Resources */,
				3AD05E4F1420869700D4971C /* Icon@2x.png in Resources */,
				3AD05E501420869700D4971C /* iTunesArtwork in Resources */,
				3A61C07314208C3100FEA33D /* Entitlements.entitlements in Resources */,
			);
			runOnlyForDeploymentPostprocessing = 0;
		};
/* End PBXResourcesBuildPhase section */

/* Begin PBXSourcesBuildPhase section */
		1D60588E0D05DD3D006BFB54 /* Sources */ = {
			isa = PBXSourcesBuildPhase;
			buildActionMask = 2147483647;
			files = (
				1D60589B0D05DD56006BFB54 /* main.m in Sources */,
				3A891AA513881F8000804131 /* BWAppDelegate.m in Sources */,
				3A891AA613881F8000804131 /* BWRootController.m in Sources */,
				3A891AA713881F8000804131 /* BWMessageObject.m in Sources */,
				3A891AA813881F8000804131 /* BWMessageBroker.m in Sources */,
				3A891AAD13881FAE00804131 /* AsyncSocket.m in Sources */,
				3A891AB21388224000804131 /* BWPeerProxy.m in Sources */,
				3A891ABD138823D000804131 /* BWProtocol.m in Sources */,
				3A891AC21388280000804131 /* BWPeerService.m in Sources */,
				3A891AC513882A2700804131 /* BWPeerBrowser.m in Sources */,
				3A891AC81388316F00804131 /* BWBrowserController.m in Sources */,
				3A57D1051420939E002E5F5D /* BWBluetoothConnection.m in Sources */,
				3A57D109142098BC002E5F5D /* BWConnection.m in Sources */,
				3A57D10C1420A06E002E5F5D /* BWWifiConnection.m in Sources */,
			);
			runOnlyForDeploymentPostprocessing = 0;
		};
/* End PBXSourcesBuildPhase section */

/* Begin PBXVariantGroup section */
		3AF6F7450FF8DEA50083EA15 /* Localizable.strings */ = {
			isa = PBXVariantGroup;
			children = (
				3AF6F7460FF8DEA50083EA15 /* en */,
				3AF6F7470FF8DEA50083EA15 /* es */,
				3AF6F7480FF8DEA50083EA15 /* fr */,
			);
			name = Localizable.strings;
			sourceTree = "<group>";
		};
/* End PBXVariantGroup section */

/* Begin XCBuildConfiguration section */
		1D6058940D05DD3E006BFB54 /* Debug */ = {
			isa = XCBuildConfiguration;
			buildSettings = {
				ALWAYS_SEARCH_USER_PATHS = NO;
				COPY_PHASE_STRIP = NO;
				GCC_DYNAMIC_NO_PIC = NO;
				GCC_OPTIMIZATION_LEVEL = 0;
				GCC_PRECOMPILE_PREFIX_HEADER = YES;
				GCC_PREFIX_HEADER = bluewoki_Prefix.pch;
				GCC_VERSION = com.apple.compilers.llvm.clang.1_0;
				INFOPLIST_FILE = "bluewoki-Info.plist";
				IPHONEOS_DEPLOYMENT_TARGET = 4.0;
				PRODUCT_NAME = bluewoki;
			};
			name = Debug;
		};
		1D6058950D05DD3E006BFB54 /* Release */ = {
			isa = XCBuildConfiguration;
			buildSettings = {
				ALWAYS_SEARCH_USER_PATHS = NO;
				CODE_SIGN_ENTITLEMENTS = Resources/Entitlements.entitlements;
				COPY_PHASE_STRIP = YES;
				GCC_PRECOMPILE_PREFIX_HEADER = YES;
				GCC_PREFIX_HEADER = bluewoki_Prefix.pch;
				GCC_VERSION = com.apple.compilers.llvm.clang.1_0;
				INFOPLIST_FILE = "bluewoki-Info.plist";
				IPHONEOS_DEPLOYMENT_TARGET = 4.0;
				PRODUCT_NAME = bluewoki;
			};
			name = Release;
		};
		C01FCF4F08A954540054247B /* Debug */ = {
			isa = XCBuildConfiguration;
			buildSettings = {
				ARCHS = "$(ARCHS_STANDARD_32_BIT)";
				"CODE_SIGN_IDENTITY[sdk=iphoneos*]" = "iPhone Developer";
				GCC_C_LANGUAGE_STANDARD = c99;
				GCC_TREAT_WARNINGS_AS_ERRORS = YES;
				GCC_WARN_ABOUT_RETURN_TYPE = YES;
				GCC_WARN_UNUSED_VARIABLE = YES;
				RUN_CLANG_STATIC_ANALYZER = YES;
				SDKROOT = iphoneos;
			};
			name = Debug;
		};
		C01FCF5008A954540054247B /* Release */ = {
			isa = XCBuildConfiguration;
			buildSettings = {
				ARCHS = "$(ARCHS_STANDARD_32_BIT)";
				CODE_SIGN_ENTITLEMENTS = Resources/Entitlements.entitlements;
				"CODE_SIGN_IDENTITY[sdk=iphoneos*]" = "iPhone Distribution";
				GCC_C_LANGUAGE_STANDARD = c99;
				GCC_TREAT_WARNINGS_AS_ERRORS = YES;
				GCC_WARN_ABOUT_RETURN_TYPE = YES;
				GCC_WARN_UNUSED_VARIABLE = YES;
				"PROVISIONING_PROFILE[sdk=iphoneos*]" = "";
				RUN_CLANG_STATIC_ANALYZER = YES;
				SDKROOT = iphoneos;
			};
			name = Release;
		};
/* End XCBuildConfiguration section */

/* Begin XCConfigurationList section */
		1D6058960D05DD3E006BFB54 /* Build configuration list for PBXNativeTarget "bluewoki" */ = {
			isa = XCConfigurationList;
			buildConfigurations = (
				1D6058940D05DD3E006BFB54 /* Debug */,
				1D6058950D05DD3E006BFB54 /* Release */,
			);
			defaultConfigurationIsVisible = 0;
			defaultConfigurationName = Release;
		};
		C01FCF4E08A954540054247B /* Build configuration list for PBXProject "bluewoki" */ = {
			isa = XCConfigurationList;
			buildConfigurations = (
				C01FCF4F08A954540054247B /* Debug */,
				C01FCF5008A954540054247B /* Release */,
			);
			defaultConfigurationIsVisible = 0;
			defaultConfigurationName = Release;
		};
/* End XCConfigurationList section */
	};
	rootObject = 29B97313FDCFA39411CA2CEA /* Project object */;
}
